{
    "name": "yandexmusappapi",
    "version": "1.1.0",
    "lockfileVersion": 2,
    "requires": true,
    "packages": {
        "": {
            "name": "yandexmusappapi",
            "version": "1.1.0",
            "license": "GPL-3.0-or-later",
            "dependencies": {
                "find-in-files": "^0.5.0",
                "node-fetch": "^3.3.0"
            }
        },
        "node_modules/data-uri-to-buffer": {
            "version": "4.0.1",
            "resolved": "https://registry.npmjs.org/data-uri-to-buffer/-/data-uri-to-buffer-4.0.1.tgz",
            "integrity": "sha512-0R9ikRb668HB7QDxT1vkpuUBtqc53YyAwMwGeUFKRojY/NWKvdZ+9UYtRfGmhqNbRkTSVpMbmyhXipFFv2cb/A==",
            "engines": {
                "node": ">= 12"
            }
        },
        "node_modules/fetch-blob": {
            "version": "3.2.0",
            "resolved": "https://registry.npmjs.org/fetch-blob/-/fetch-blob-3.2.0.tgz",
            "integrity": "sha512-7yAQpD2UMJzLi1Dqv7qFYnPbaPx7ZfFK6PiIxQ4PfkGPyNyl2Ugx+a/umUonmKqjhM4DnfbMvdX6otXq83soQQ==",
            "funding": [
                {
                    "type": "github",
                    "url": "https://github.com/sponsors/jimmywarting"
                },
                {
                    "type": "paypal",
                    "url": "https://paypal.me/jimmywarting"
                }
            ],
            "dependencies": {
                "node-domexception": "^1.0.0",
                "web-streams-polyfill": "^3.0.3"
            },
            "engines": {
                "node": "^12.20 || >= 14.13"
            }
        },
        "node_modules/find": {
            "version": "0.1.7",
            "resolved": "https://registry.npmjs.org/find/-/find-0.1.7.tgz",
            "integrity": "sha512-jPrupTOe/pO//3a9Ty2o4NqQCp0L46UG+swUnfFtdmtQVN8pEltKpAqR7Nuf6vWn0GBXx5w+R1MyZzqwjEIqdA==",
            "dependencies": {
                "traverse-chain": "~0.1.0"
            }
        },
        "node_modules/find-in-files": {
            "version": "0.5.0",
            "resolved": "https://registry.npmjs.org/find-in-files/-/find-in-files-0.5.0.tgz",
            "integrity": "sha512-VraTc6HdtdSHmAp0yJpAy20yPttGKzyBWc7b7FPnnsX9TOgmKx0g9xajizpF/iuu4IvNK4TP0SpyBT9zAlwG+g==",
            "dependencies": {
                "find": "^0.1.5",
                "q": "^1.0.1"
            }
        },
        "node_modules/formdata-polyfill": {
            "version": "4.0.10",
            "resolved": "https://registry.npmjs.org/formdata-polyfill/-/formdata-polyfill-4.0.10.tgz",
            "integrity": "sha512-buewHzMvYL29jdeQTVILecSaZKnt/RJWjoZCF5OW60Z67/GmSLBkOFM7qh1PI3zFNtJbaZL5eQu1vLfazOwj4g==",
            "dependencies": {
                "fetch-blob": "^3.1.2"
            },
            "engines": {
                "node": ">=12.20.0"
            }
        },
        "node_modules/node-domexception": {
            "version": "1.0.0",
            "resolved": "https://registry.npmjs.org/node-domexception/-/node-domexception-1.0.0.tgz",
            "integrity": "sha512-/jKZoMpw0F8GRwl4/eLROPA3cfcXtLApP0QzLmUT/HuPCZWyB7IY9ZrMeKw2O/nFIqPQB3PVM9aYm0F312AXDQ==",
            "funding": [
                {
                    "type": "github",
                    "url": "https://github.com/sponsors/jimmywarting"
                },
                {
                    "type": "github",
                    "url": "https://paypal.me/jimmywarting"
                }
            ],
            "engines": {
                "node": ">=10.5.0"
            }
        },
        "node_modules/node-fetch": {
            "version": "3.3.0",
            "resolved": "https://registry.npmjs.org/node-fetch/-/node-fetch-3.3.0.tgz",
            "integrity": "sha512-BKwRP/O0UvoMKp7GNdwPlObhYGB5DQqwhEDQlNKuoqwVYSxkSZCSbHjnFFmUEtwSKRPU4kNK8PbDYYitwaE3QA==",
            "dependencies": {
                "data-uri-to-buffer": "^4.0.0",
                "fetch-blob": "^3.1.4",
                "formdata-polyfill": "^4.0.10"
            },
            "engines": {
                "node": "^12.20.0 || ^14.13.1 || >=16.0.0"
            },
            "funding": {
                "type": "opencollective",
                "url": "https://opencollective.com/node-fetch"
            }
        },
        "node_modules/q": {
            "version": "1.5.1",
            "resolved": "https://registry.npmjs.org/q/-/q-1.5.1.tgz",
            "integrity": "sha512-kV/CThkXo6xyFEZUugw/+pIOywXcDbFYgSct5cT3gqlbkBE1SJdwy6UQoZvodiWF/ckQLZyDE/Bu1M6gVu5lVw==",
            "engines": {
                "node": ">=0.6.0",
                "teleport": ">=0.2.0"
            }
        },
        "node_modules/traverse-chain": {
            "version": "0.1.0",
            "resolved": "https://registry.npmjs.org/traverse-chain/-/traverse-chain-0.1.0.tgz",
            "integrity": "sha512-up6Yvai4PYKhpNp5PkYtx50m3KbwQrqDwbuZP/ItyL64YEWHAvH6Md83LFLV/GRSk/BoUVwwgUzX6SOQSbsfAg=="
        },
        "node_modules/web-streams-polyfill": {
            "version": "3.2.1",
            "resolved": "https://registry.npmjs.org/web-streams-polyfill/-/web-streams-polyfill-3.2.1.tgz",
            "integrity": "sha512-e0MO3wdXWKrLbL0DgGnUV7WHVuw9OUvL4hjgnPkIeEvESk74gAITi5G606JtZPp39cd8HA9VQzCIvA49LpPN5Q==",
            "engines": {
                "node": ">= 8"
            }
        }
    },
    "dependencies": {
        "data-uri-to-buffer": {
            "version": "4.0.1",
            "resolved": "https://registry.npmjs.org/data-uri-to-buffer/-/data-uri-to-buffer-4.0.1.tgz",
            "integrity": "sha512-0R9ikRb668HB7QDxT1vkpuUBtqc53YyAwMwGeUFKRojY/NWKvdZ+9UYtRfGmhqNbRkTSVpMbmyhXipFFv2cb/A=="
        },
        "fetch-blob": {
            "version": "3.2.0",
            "resolved": "https://registry.npmjs.org/fetch-blob/-/fetch-blob-3.2.0.tgz",
            "integrity": "sha512-7yAQpD2UMJzLi1Dqv7qFYnPbaPx7ZfFK6PiIxQ4PfkGPyNyl2Ugx+a/umUonmKqjhM4DnfbMvdX6otXq83soQQ==",
            "requires": {
                "node-domexception": "^1.0.0",
                "web-streams-polyfill": "^3.0.3"
            }
        },
        "find": {
            "version": "0.1.7",
            "resolved": "https://registry.npmjs.org/find/-/find-0.1.7.tgz",
            "integrity": "sha512-jPrupTOe/pO//3a9Ty2o4NqQCp0L46UG+swUnfFtdmtQVN8pEltKpAqR7Nuf6vWn0GBXx5w+R1MyZzqwjEIqdA==",
            "requires": {
                "traverse-chain": "~0.1.0"
            }
        },
        "find-in-files": {
            "version": "0.5.0",
            "resolved": "https://registry.npmjs.org/find-in-files/-/find-in-files-0.5.0.tgz",
            "integrity": "sha512-VraTc6HdtdSHmAp0yJpAy20yPttGKzyBWc7b7FPnnsX9TOgmKx0g9xajizpF/iuu4IvNK4TP0SpyBT9zAlwG+g==",
            "requires": {
                "find": "^0.1.5",
                "q": "^1.0.1"
            }
        },
        "formdata-polyfill": {
            "version": "4.0.10",
            "resolved": "https://registry.npmjs.org/formdata-polyfill/-/formdata-polyfill-4.0.10.tgz",
            "integrity": "sha512-buewHzMvYL29jdeQTVILecSaZKnt/RJWjoZCF5OW60Z67/GmSLBkOFM7qh1PI3zFNtJbaZL5eQu1vLfazOwj4g==",
            "requires": {
                "fetch-blob": "^3.1.2"
            }
        },
        "node-domexception": {
            "version": "1.0.0",
            "resolved": "https://registry.npmjs.org/node-domexception/-/node-domexception-1.0.0.tgz",
            "integrity": "sha512-/jKZoMpw0F8GRwl4/eLROPA3cfcXtLApP0QzLmUT/HuPCZWyB7IY9ZrMeKw2O/nFIqPQB3PVM9aYm0F312AXDQ=="
        },
        "node-fetch": {
            "version": "3.3.0",
            "resolved": "https://registry.npmjs.org/node-fetch/-/node-fetch-3.3.0.tgz",
            "integrity": "sha512-BKwRP/O0UvoMKp7GNdwPlObhYGB5DQqwhEDQlNKuoqwVYSxkSZCSbHjnFFmUEtwSKRPU4kNK8PbDYYitwaE3QA==",
            "requires": {
                "data-uri-to-buffer": "^4.0.0",
                "fetch-blob": "^3.1.4",
                "formdata-polyfill": "^4.0.10"
            }
        },
        "q": {
            "version": "1.5.1",
            "resolved": "https://registry.npmjs.org/q/-/q-1.5.1.tgz",
            "integrity": "sha512-kV/CThkXo6xyFEZUugw/+pIOywXcDbFYgSct5cT3gqlbkBE1SJdwy6UQoZvodiWF/ckQLZyDE/Bu1M6gVu5lVw=="
        },
        "traverse-chain": {
            "version": "0.1.0",
            "resolved": "https://registry.npmjs.org/traverse-chain/-/traverse-chain-0.1.0.tgz",
            "integrity": "sha512-up6Yvai4PYKhpNp5PkYtx50m3KbwQrqDwbuZP/ItyL64YEWHAvH6Md83LFLV/GRSk/BoUVwwgUzX6SOQSbsfAg=="
        },
        "web-streams-polyfill": {
            "version": "3.2.1",
            "resolved": "https://registry.npmjs.org/web-streams-polyfill/-/web-streams-polyfill-3.2.1.tgz",
            "integrity": "sha512-e0MO3wdXWKrLbL0DgGnUV7WHVuw9OUvL4hjgnPkIeEvESk74gAITi5G606JtZPp39cd8HA9VQzCIvA49LpPN5Q=="
        }
    }
}
